
Microsoft Visual Studio Solution File, Format Version 12.00
# Visual Studio Version 17
VisualStudioVersion = 17.12.35514.174
MinimumVisualStudioVersion = 10.0.40219.1
Project("{2150E333-8FDC-42A3-9474-1A3956D46DE8}") = "Task0", "Task0", "{B133DAE4-1AAF-431D-929C-E3210F05E8A4}"
EndProject
Project("{FAE04EC0-301F-11D3-BF4B-00C04F79EFBC}") = "Tyuiu.PasechnikPA1.Sprint0.Task0.V0", "Tyuiu.PasechnikPA1.Sprint0.Task0.V0\Tyuiu.PasechnikPA1.Sprint0.Task0.V0.csproj", "{617F1307-12E2-4B41-9D4F-93D50FD9C88D}"
EndProject
Project("{2150E333-8FDC-42A3-9474-1A3956D46DE8}") = "Task1", "Task1", "{C28E1A69-0466-44BD-A7D1-DD27C2DD049C}"
EndProject
Project("{FAE04EC0-301F-11D3-BF4B-00C04F79EFBC}") = "Tyuiu.PasechnikPA1.Sprint0.Task1.V0", "Tyuiu.PasechnikPA1.Sprint0.Task1.V0\Tyuiu.PasechnikPA1.Sprint0.Task1.V0.csproj", "{7D8B754D-9B1F-49CE-983F-DEE799846450}"
EndProject
Project("{2150E333-8FDC-42A3-9474-1A3956D46DE8}") = "Task2", "Task2", "{98A58955-78ED-47A1-8BC3-EC91ACC228BE}"
EndProject
Project("{FAE04EC0-301F-11D3-BF4B-00C04F79EFBC}") = "Tyuiu.PasechnikPA1.Sprint0.Task2.V0", "Tyuiu.PasechnikPA1.Sprint0.Task2.V0\Tyuiu.PasechnikPA1.Sprint0.Task2.V0.csproj", "{11831FF9-CAD8-4F5C-A64C-9F6A799B88F5}"
EndProject
Project("{FAE04EC0-301F-11D3-BF4B-00C04F79EFBC}") = "Tyuiu.PasechnikPA1.Sprint0.Task2.V0.Lib", "Tyuiu.PasechnikPA1.Sprint0.Task2.V0.Lib\Tyuiu.PasechnikPA1.Sprint0.Task2.V0.Lib.csproj", "{34F18F4E-C9A5-4958-B2A8-AF4F062CB893}"
EndProject
Project("{FAE04EC0-301F-11D3-BF4B-00C04F79EFBC}") = "Tyuiu.PasechnikPA1.Sprint0.Task2.V0.Test", "Tyuiu.PasechnikPA1.Sprint0.Task2.V0.Test\Tyuiu.PasechnikPA1.Sprint0.Task2.V0.Test.csproj", "{415CE215-2B33-4F06-B182-8B06EE81AC01}"
EndProject
Project("{2150E333-8FDC-42A3-9474-1A3956D46DE8}") = "Task3", "Task3", "{439ECDCC-D640-4530-A9E1-84F4D4639761}"
EndProject
Project("{FAE04EC0-301F-11D3-BF4B-00C04F79EFBC}") = "Tyuiu.PasechnikPA1.Sprint0.Task3.V0", "Tyuiu.PasechnikPA1.Sprint0.Task3.V0\Tyuiu.PasechnikPA1.Sprint0.Task3.V0.csproj", "{C9FBCC4A-3A92-4645-9FFE-E552F7A07E1D}"
EndProject
Project("{FAE04EC0-301F-11D3-BF4B-00C04F79EFBC}") = "Tyuiu.PasechnikPA1.Sprint0.Task3.V0.Lib", "Tyuiu.PasechnikPA1.Sprint0.Task3.V0.Lib\Tyuiu.PasechnikPA1.Sprint0.Task3.V0.Lib.csproj", "{39CF92C7-C0D9-40AF-84D0-300844575FD3}"
EndProject
Project("{FAE04EC0-301F-11D3-BF4B-00C04F79EFBC}") = "Tyuiu.PasechnikPA1.Sprint0.Task3.V0.Test", "Tyuiu.PasechnikPA1.Sprint0.Task3.V0.Test\Tyuiu.PasechnikPA1.Sprint0.Task3.V0.Test.csproj", "{46D701EA-7A56-40D9-8D5A-BF3B5CA93352}"
EndProject
Project("{2150E333-8FDC-42A3-9474-1A3956D46DE8}") = "Task4", "Task4", "{4E140955-9CAC-400B-85C8-7D1B2007925A}"
EndProject
Project("{FAE04EC0-301F-11D3-BF4B-00C04F79EFBC}") = "Tyuiu.PasechnikPA1.Sprint0.Task4.V0", "Tyuiu.PasechnikPA1.Sprint0.Task4.V0\Tyuiu.PasechnikPA1.Sprint0.Task4.V0.csproj", "{1A2B2366-FDE4-401D-80F5-37CB593F4C8D}"
EndProject
Project("{FAE04EC0-301F-11D3-BF4B-00C04F79EFBC}") = "Tyuiu.PasechnikPA1.Sprint0.Task4.V0.Lib", "Tyuiu.PasechnikPA1.Sprint0.Task4.V0.Lib\Tyuiu.PasechnikPA1.Sprint0.Task4.V0.Lib.csproj", "{CEB34C3E-745D-4FE1-8225-B34C03E97A35}"
EndProject
Project("{FAE04EC0-301F-11D3-BF4B-00C04F79EFBC}") = "Tyuiu.PasechnikPA1.Sprint0.Task4.V0.Test", "Tyuiu.PasechnikPA1.Sprint0.Task4.V0.Test\Tyuiu.PasechnikPA1.Sprint0.Task4.V0.Test.csproj", "{926220D1-EF5A-4099-9177-CFA7493FF8C4}"
EndProject
Project("{2150E333-8FDC-42A3-9474-1A3956D46DE8}") = "Task5", "Task5", "{E82F1835-BD80-4680-B489-C55DB0C7C98A}"
EndProject
Project("{FAE04EC0-301F-11D3-BF4B-00C04F79EFBC}") = "Tyuiu.PasechnikPA1.Sprint0.Task5.V0", "uiu.PasechnikPA1.Sprint0.Task5.V0\Tyuiu.PasechnikPA1.Sprint0.Task5.V0.csproj", "{DB2DE8AB-319C-4F1A-8972-DC29B23D980D}"
EndProject
Project("{FAE04EC0-301F-11D3-BF4B-00C04F79EFBC}") = "Tyuiu.PasechnikPA1.Sprint0.Task5.V0.Lib", "Tyuiu.PasechnikPA1.Sprint0.Task5.V0.Lib\Tyuiu.PasechnikPA1.Sprint0.Task5.V0.Lib.csproj", "{6774847C-F664-43C5-98E4-41C2AB0B255C}"
EndProject
Project("{FAE04EC0-301F-11D3-BF4B-00C04F79EFBC}") = "Tyuiu.PasechnikPA1.Sprint0.Task5.V0.Test", "Tyuiu.PasechnikPA1.Sprint0.Task5.V0.Test\Tyuiu.PasechnikPA1.Sprint0.Task5.V0.Test.csproj", "{E314AC5B-864F-43FC-B680-82A3E259A1AA}"
EndProject
Global
	GlobalSection(SolutionConfigurationPlatforms) = preSolution
		Debug|Any CPU = Debug|Any CPU
		Release|Any CPU = Release|Any CPU
	EndGlobalSection
	GlobalSection(ProjectConfigurationPlatforms) = postSolution
		{617F1307-12E2-4B41-9D4F-93D50FD9C88D}.Debug|Any CPU.ActiveCfg = Debug|Any CPU
		{617F1307-12E2-4B41-9D4F-93D50FD9C88D}.Debug|Any CPU.Build.0 = Debug|Any CPU
		{617F1307-12E2-4B41-9D4F-93D50FD9C88D}.Release|Any CPU.ActiveCfg = Release|Any CPU
		{617F1307-12E2-4B41-9D4F-93D50FD9C88D}.Release|Any CPU.Build.0 = Release|Any CPU
		{7D8B754D-9B1F-49CE-983F-DEE799846450}.Debug|Any CPU.ActiveCfg = Debug|Any CPU
		{7D8B754D-9B1F-49CE-983F-DEE799846450}.Debug|Any CPU.Build.0 = Debug|Any CPU
		{7D8B754D-9B1F-49CE-983F-DEE799846450}.Release|Any CPU.ActiveCfg = Release|Any CPU
		{7D8B754D-9B1F-49CE-983F-DEE799846450}.Release|Any CPU.Build.0 = Release|Any CPU
		{11831FF9-CAD8-4F5C-A64C-9F6A799B88F5}.Debug|Any CPU.ActiveCfg = Debug|Any CPU
		{11831FF9-CAD8-4F5C-A64C-9F6A799B88F5}.Debug|Any CPU.Build.0 = Debug|Any CPU
		{11831FF9-CAD8-4F5C-A64C-9F6A799B88F5}.Release|Any CPU.ActiveCfg = Release|Any CPU
		{11831FF9-CAD8-4F5C-A64C-9F6A799B88F5}.Release|Any CPU.Build.0 = Release|Any CPU
		{34F18F4E-C9A5-4958-B2A8-AF4F062CB893}.Debug|Any CPU.ActiveCfg = Debug|Any CPU
		{34F18F4E-C9A5-4958-B2A8-AF4F062CB893}.Debug|Any CPU.Build.0 = Debug|Any CPU
		{34F18F4E-C9A5-4958-B2A8-AF4F062CB893}.Release|Any CPU.ActiveCfg = Release|Any CPU
		{34F18F4E-C9A5-4958-B2A8-AF4F062CB893}.Release|Any CPU.Build.0 = Release|Any CPU
		{415CE215-2B33-4F06-B182-8B06EE81AC01}.Debug|Any CPU.ActiveCfg = Debug|Any CPU
		{415CE215-2B33-4F06-B182-8B06EE81AC01}.Debug|Any CPU.Build.0 = Debug|Any CPU
		{415CE215-2B33-4F06-B182-8B06EE81AC01}.Release|Any CPU.ActiveCfg = Release|Any CPU
		{415CE215-2B33-4F06-B182-8B06EE81AC01}.Release|Any CPU.Build.0 = Release|Any CPU
		{C9FBCC4A-3A92-4645-9FFE-E552F7A07E1D}.Debug|Any CPU.ActiveCfg = Debug|Any CPU
		{C9FBCC4A-3A92-4645-9FFE-E552F7A07E1D}.Debug|Any CPU.Build.0 = Debug|Any CPU
		{C9FBCC4A-3A92-4645-9FFE-E552F7A07E1D}.Release|Any CPU.ActiveCfg = Release|Any CPU
		{C9FBCC4A-3A92-4645-9FFE-E552F7A07E1D}.Release|Any CPU.Build.0 = Release|Any CPU
		{39CF92C7-C0D9-40AF-84D0-300844575FD3}.Debug|Any CPU.ActiveCfg = Debug|Any CPU
		{39CF92C7-C0D9-40AF-84D0-300844575FD3}.Debug|Any CPU.Build.0 = Debug|Any CPU
		{39CF92C7-C0D9-40AF-84D0-300844575FD3}.Release|Any CPU.ActiveCfg = Release|Any CPU
		{39CF92C7-C0D9-40AF-84D0-300844575FD3}.Release|Any CPU.Build.0 = Release|Any CPU
		{46D701EA-7A56-40D9-8D5A-BF3B5CA93352}.Debug|Any CPU.ActiveCfg = Debug|Any CPU
		{46D701EA-7A56-40D9-8D5A-BF3B5CA93352}.Debug|Any CPU.Build.0 = Debug|Any CPU
		{46D701EA-7A56-40D9-8D5A-BF3B5CA93352}.Release|Any CPU.ActiveCfg = Release|Any CPU
		{46D701EA-7A56-40D9-8D5A-BF3B5CA93352}.Release|Any CPU.Build.0 = Release|Any CPU
		{1A2B2366-FDE4-401D-80F5-37CB593F4C8D}.Debug|Any CPU.ActiveCfg = Debug|Any CPU
		{1A2B2366-FDE4-401D-80F5-37CB593F4C8D}.Debug|Any CPU.Build.0 = Debug|Any CPU
		{1A2B2366-FDE4-401D-80F5-37CB593F4C8D}.Release|Any CPU.ActiveCfg = Release|Any CPU
		{1A2B2366-FDE4-401D-80F5-37CB593F4C8D}.Release|Any CPU.Build.0 = Release|Any CPU
		{CEB34C3E-745D-4FE1-8225-B34C03E97A35}.Debug|Any CPU.ActiveCfg = Debug|Any CPU
		{CEB34C3E-745D-4FE1-8225-B34C03E97A35}.Debug|Any CPU.Build.0 = Debug|Any CPU
		{CEB34C3E-745D-4FE1-8225-B34C03E97A35}.Release|Any CPU.ActiveCfg = Release|Any CPU
		{CEB34C3E-745D-4FE1-8225-B34C03E97A35}.Release|Any CPU.Build.0 = Release|Any CPU
		{926220D1-EF5A-4099-9177-CFA7493FF8C4}.Debug|Any CPU.ActiveCfg = Debug|Any CPU
		{926220D1-EF5A-4099-9177-CFA7493FF8C4}.Debug|Any CPU.Build.0 = Debug|Any CPU
		{926220D1-EF5A-4099-9177-CFA7493FF8C4}.Release|Any CPU.ActiveCfg = Release|Any CPU
		{926220D1-EF5A-4099-9177-CFA7493FF8C4}.Release|Any CPU.Build.0 = Release|Any CPU
		{DB2DE8AB-319C-4F1A-8972-DC29B23D980D}.Debug|Any CPU.ActiveCfg = Debug|Any CPU
		{DB2DE8AB-319C-4F1A-8972-DC29B23D980D}.Debug|Any CPU.Build.0 = Debug|Any CPU
		{DB2DE8AB-319C-4F1A-8972-DC29B23D980D}.Release|Any CPU.ActiveCfg = Release|Any CPU
		{DB2DE8AB-319C-4F1A-8972-DC29B23D980D}.Release|Any CPU.Build.0 = Release|Any CPU
		{6774847C-F664-43C5-98E4-41C2AB0B255C}.Debug|Any CPU.ActiveCfg = Debug|Any CPU
		{6774847C-F664-43C5-98E4-41C2AB0B255C}.Debug|Any CPU.Build.0 = Debug|Any CPU
		{6774847C-F664-43C5-98E4-41C2AB0B255C}.Release|Any CPU.ActiveCfg = Release|Any CPU
		{6774847C-F664-43C5-98E4-41C2AB0B255C}.Release|Any CPU.Build.0 = Release|Any CPU
		{E314AC5B-864F-43FC-B680-82A3E259A1AA}.Debug|Any CPU.ActiveCfg = Debug|Any CPU
		{E314AC5B-864F-43FC-B680-82A3E259A1AA}.Debug|Any CPU.Build.0 = Debug|Any CPU
		{E314AC5B-864F-43FC-B680-82A3E259A1AA}.Release|Any CPU.ActiveCfg = Release|Any CPU
		{E314AC5B-864F-43FC-B680-82A3E259A1AA}.Release|Any CPU.Build.0 = Release|Any CPU
	EndGlobalSection
	GlobalSection(SolutionProperties) = preSolution
		HideSolutionNode = FALSE
	EndGlobalSection
	GlobalSection(NestedProjects) = preSolution
		{617F1307-12E2-4B41-9D4F-93D50FD9C88D} = {B133DAE4-1AAF-431D-929C-E3210F05E8A4}
		{7D8B754D-9B1F-49CE-983F-DEE799846450} = {C28E1A69-0466-44BD-A7D1-DD27C2DD049C}
		{11831FF9-CAD8-4F5C-A64C-9F6A799B88F5} = {98A58955-78ED-47A1-8BC3-EC91ACC228BE}
		{34F18F4E-C9A5-4958-B2A8-AF4F062CB893} = {98A58955-78ED-47A1-8BC3-EC91ACC228BE}
		{415CE215-2B33-4F06-B182-8B06EE81AC01} = {98A58955-78ED-47A1-8BC3-EC91ACC228BE}
		{C9FBCC4A-3A92-4645-9FFE-E552F7A07E1D} = {439ECDCC-D640-4530-A9E1-84F4D4639761}
		{39CF92C7-C0D9-40AF-84D0-300844575FD3} = {439ECDCC-D640-4530-A9E1-84F4D4639761}
		{46D701EA-7A56-40D9-8D5A-BF3B5CA93352} = {439ECDCC-D640-4530-A9E1-84F4D4639761}
		{1A2B2366-FDE4-401D-80F5-37CB593F4C8D} = {4E140955-9CAC-400B-85C8-7D1B2007925A}
		{CEB34C3E-745D-4FE1-8225-B34C03E97A35} = {4E140955-9CAC-400B-85C8-7D1B2007925A}
		{926220D1-EF5A-4099-9177-CFA7493FF8C4} = {4E140955-9CAC-400B-85C8-7D1B2007925A}
		{DB2DE8AB-319C-4F1A-8972-DC29B23D980D} = {E82F1835-BD80-4680-B489-C55DB0C7C98A}
		{6774847C-F664-43C5-98E4-41C2AB0B255C} = {E82F1835-BD80-4680-B489-C55DB0C7C98A}
		{E314AC5B-864F-43FC-B680-82A3E259A1AA} = {E82F1835-BD80-4680-B489-C55DB0C7C98A}
	EndGlobalSection
EndGlobal
